
Microsoft Visual Studio Solution File, Format Version 12.00
# Visual Studio Version 16
VisualStudioVersion = 16.0.30711.63
MinimumVisualStudioVersion = 10.0.40219.1
Project("{FAE04EC0-301F-11D3-BF4B-00C04F79EFBC}") = "GiftContent", "GiftContent\GiftContent.csproj", "{B89EF3BC-E524-4250-A3A8-0721654817FB}"
EndProject
Project("{FAE04EC0-301F-11D3-BF4B-00C04F79EFBC}") = "GiftBox", "GiftBox\GiftBox.csproj", "{1AA2D115-ADCB-4125-A6D1-F813F224B3F0}"
EndProject
Project("{FAE04EC0-301F-11D3-BF4B-00C04F79EFBC}") = "ConsoleInterface", "ConsoleInterface\ConsoleInterface.csproj", "{6157FA46-6118-4EA8-8ED2-F6607EF8BA80}"
EndProject
Global
	GlobalSection(SolutionConfigurationPlatforms) = preSolution
		Debug|Any CPU = Debug|Any CPU
		Release|Any CPU = Release|Any CPU
	EndGlobalSection
	GlobalSection(ProjectConfigurationPlatforms) = postSolution
		{B89EF3BC-E524-4250-A3A8-0721654817FB}.Debug|Any CPU.ActiveCfg = Debug|Any CPU
		{B89EF3BC-E524-4250-A3A8-0721654817FB}.Debug|Any CPU.Build.0 = Debug|Any CPU
		{B89EF3BC-E524-4250-A3A8-0721654817FB}.Release|Any CPU.ActiveCfg = Release|Any CPU
		{B89EF3BC-E524-4250-A3A8-0721654817FB}.Release|Any CPU.Build.0 = Release|Any CPU
		{1AA2D115-ADCB-4125-A6D1-F813F224B3F0}.Debug|Any CPU.ActiveCfg = Debug|Any CPU
		{1AA2D115-ADCB-4125-A6D1-F813F224B3F0}.Debug|Any CPU.Build.0 = Debug|Any CPU
		{1AA2D115-ADCB-4125-A6D1-F813F224B3F0}.Release|Any CPU.ActiveCfg = Release|Any CPU
		{1AA2D115-ADCB-4125-A6D1-F813F224B3F0}.Release|Any CPU.Build.0 = Release|Any CPU
		{6157FA46-6118-4EA8-8ED2-F6607EF8BA80}.Debug|Any CPU.ActiveCfg = Debug|Any CPU
		{6157FA46-6118-4EA8-8ED2-F6607EF8BA80}.Debug|Any CPU.Build.0 = Debug|Any CPU
		{6157FA46-6118-4EA8-8ED2-F6607EF8BA80}.Release|Any CPU.ActiveCfg = Release|Any CPU
		{6157FA46-6118-4EA8-8ED2-F6607EF8BA80}.Release|Any CPU.Build.0 = Release|Any CPU
	EndGlobalSection
	GlobalSection(SolutionProperties) = preSolution
		HideSolutionNode = FALSE
	EndGlobalSection
	GlobalSection(ExtensibilityGlobals) = postSolution
		SolutionGuid = {BC75BC49-FB92-4174-8DD6-E0D958D369DD}
	EndGlobalSection
EndGlobal
